// !$*UTF8*$!
{
	archiveVersion = 1;
	classes = {
	};
	objectVersion = 50;
	objects = {

/* Begin PBXBuildFile section */
		136DC8002498CB5C0015821E /* AppDelegate.swift in Sources */ = {isa = PBXBuildFile; fileRef = 136DC7FF2498CB5C0015821E /* AppDelegate.swift */; };
		136DC8022498CB5C0015821E /* SceneDelegate.swift in Sources */ = {isa = PBXBuildFile; fileRef = 136DC8012498CB5C0015821E /* SceneDelegate.swift */; };
		136DC8042498CB5C0015821E /* SignViewController.swift in Sources */ = {isa = PBXBuildFile; fileRef = 136DC8032498CB5C0015821E /* SignViewController.swift */; };
		136DC8072498CB5C0015821E /* Main.storyboard in Resources */ = {isa = PBXBuildFile; fileRef = 136DC8052498CB5C0015821E /* Main.storyboard */; };
		136DC8092498CB5D0015821E /* Assets.xcassets in Resources */ = {isa = PBXBuildFile; fileRef = 136DC8082498CB5D0015821E /* Assets.xcassets */; };
		136DC80C2498CB5D0015821E /* LaunchScreen.storyboard in Resources */ = {isa = PBXBuildFile; fileRef = 136DC80A2498CB5D0015821E /* LaunchScreen.storyboard */; };
		136DC8172498CBE60015821E /* WorkspaceViewController.swift in Sources */ = {isa = PBXBuildFile; fileRef = 136DC8162498CBE60015821E /* WorkspaceViewController.swift */; };
		136DC8192498CBEF0015821E /* Extension.swift in Sources */ = {isa = PBXBuildFile; fileRef = 136DC8182498CBEF0015821E /* Extension.swift */; };
		136DC81B2498CBF60015821E /* Constant.swift in Sources */ = {isa = PBXBuildFile; fileRef = 136DC81A2498CBF60015821E /* Constant.swift */; };
		13A994F6249FAE7100D0F107 /* Alert.swift in Sources */ = {isa = PBXBuildFile; fileRef = 13A994F5249FAE7100D0F107 /* Alert.swift */; };
		28076AAC3DDE8EDF7DE52840 /* Pods_ios_auth_github.framework in Frameworks */ = {isa = PBXBuildFile; fileRef = 3DAF38E6318C8966E761964E /* Pods_ios_auth_github.framework */; };
/* End PBXBuildFile section */

/* Begin PBXFileReference section */
		136DC7FC2498CB5C0015821E /* ios-auth-github.app */ = {isa = PBXFileReference; explicitFileType = wrapper.application; includeInIndex = 0; path = "ios-auth-github.app"; sourceTree = BUILT_PRODUCTS_DIR; };
		136DC7FF2498CB5C0015821E /* AppDelegate.swift */ = {isa = PBXFileReference; lastKnownFileType = sourcecode.swift; path = AppDelegate.swift; sourceTree = "<group>"; };
		136DC8012498CB5C0015821E /* SceneDelegate.swift */ = {isa = PBXFileReference; lastKnownFileType = sourcecode.swift; path = SceneDelegate.swift; sourceTree = "<group>"; };
		136DC8032498CB5C0015821E /* SignViewController.swift */ = {isa = PBXFileReference; lastKnownFileType = sourcecode.swift; path = SignViewController.swift; sourceTree = "<group>"; };
		136DC8062498CB5C0015821E /* Base */ = {isa = PBXFileReference; lastKnownFileType = file.storyboard; name = Base; path = Base.lproj/Main.storyboard; sourceTree = "<group>"; };
		136DC8082498CB5D0015821E /* Assets.xcassets */ = {isa = PBXFileReference; lastKnownFileType = folder.assetcatalog; path = Assets.xcassets; sourceTree = "<group>"; };
		136DC80B2498CB5D0015821E /* Base */ = {isa = PBXFileReference; lastKnownFileType = file.storyboard; name = Base; path = Base.lproj/LaunchScreen.storyboard; sourceTree = "<group>"; };
		136DC80D2498CB5D0015821E /* Info.plist */ = {isa = PBXFileReference; lastKnownFileType = text.plist.xml; path = Info.plist; sourceTree = "<group>"; };
		136DC8162498CBE60015821E /* WorkspaceViewController.swift */ = {isa = PBXFileReference; lastKnownFileType = sourcecode.swift; path = WorkspaceViewController.swift; sourceTree = "<group>"; };
		136DC8182498CBEF0015821E /* Extension.swift */ = {isa = PBXFileReference; lastKnownFileType = sourcecode.swift; path = Extension.swift; sourceTree = "<group>"; };
		136DC81A2498CBF60015821E /* Constant.swift */ = {isa = PBXFileReference; lastKnownFileType = sourcecode.swift; path = Constant.swift; sourceTree = "<group>"; };
		13A994F5249FAE7100D0F107 /* Alert.swift */ = {isa = PBXFileReference; lastKnownFileType = sourcecode.swift; path = Alert.swift; sourceTree = "<group>"; };
		3DAF38E6318C8966E761964E /* Pods_ios_auth_github.framework */ = {isa = PBXFileReference; explicitFileType = wrapper.framework; includeInIndex = 0; path = Pods_ios_auth_github.framework; sourceTree = BUILT_PRODUCTS_DIR; };
		4F8D45A3C81E3198B787BE4D /* Pods-ios-auth-github.debug.xcconfig */ = {isa = PBXFileReference; includeInIndex = 1; lastKnownFileType = text.xcconfig; name = "Pods-ios-auth-github.debug.xcconfig"; path = "Target Support Files/Pods-ios-auth-github/Pods-ios-auth-github.debug.xcconfig"; sourceTree = "<group>"; };
		7C6F2205441A020F354E7ACD /* Pods-ios-auth-github.release.xcconfig */ = {isa = PBXFileReference; includeInIndex = 1; lastKnownFileType = text.xcconfig; name = "Pods-ios-auth-github.release.xcconfig"; path = "Target Support Files/Pods-ios-auth-github/Pods-ios-auth-github.release.xcconfig"; sourceTree = "<group>"; };
/* End PBXFileReference section */

/* Begin PBXFrameworksBuildPhase section */
		136DC7F92498CB5C0015821E /* Frameworks */ = {
			isa = PBXFrameworksBuildPhase;
			buildActionMask = 2147483647;
			files = (
				28076AAC3DDE8EDF7DE52840 /* Pods_ios_auth_github.framework in Frameworks */,
			);
			runOnlyForDeploymentPostprocessing = 0;
		};
/* End PBXFrameworksBuildPhase section */

/* Begin PBXGroup section */
		136DC7F32498CB5C0015821E = {
			isa = PBXGroup;
			children = (
				136DC7FE2498CB5C0015821E /* ios-auth-github */,
				136DC7FD2498CB5C0015821E /* Products */,
				CCF874038B952E8D0D3341D2 /* Pods */,
				CD414337845C03DFEE753C74 /* Frameworks */,
			);
			sourceTree = "<group>";
		};
		136DC7FD2498CB5C0015821E /* Products */ = {
			isa = PBXGroup;
			children = (
				136DC7FC2498CB5C0015821E /* ios-auth-github.app */,
			);
			name = Products;
			sourceTree = "<group>";
		};
		136DC7FE2498CB5C0015821E /* ios-auth-github */ = {
			isa = PBXGroup;
			children = (
				136DC7FF2498CB5C0015821E /* AppDelegate.swift */,
				136DC8012498CB5C0015821E /* SceneDelegate.swift */,
				136DC8082498CB5D0015821E /* Assets.xcassets */,
				13A994F4249FAE5B00D0F107 /* Model */,
				136DC8152498CB6B0015821E /* View */,
				136DC8142498CB690015821E /* Controller */,
				136DC8132498CB660015821E /* Support */,
			);
			path = "ios-auth-github";
			sourceTree = "<group>";
		};
		136DC8132498CB660015821E /* Support */ = {
			isa = PBXGroup;
			children = (
				136DC80D2498CB5D0015821E /* Info.plist */,
				136DC8182498CBEF0015821E /* Extension.swift */,
				136DC81A2498CBF60015821E /* Constant.swift */,
			);
			path = Support;
			sourceTree = "<group>";
		};
		136DC8142498CB690015821E /* Controller */ = {
			isa = PBXGroup;
			children = (
				136DC8032498CB5C0015821E /* SignViewController.swift */,
				136DC8162498CBE60015821E /* WorkspaceViewController.swift */,
			);
			path = Controller;
			sourceTree = "<group>";
		};
		136DC8152498CB6B0015821E /* View */ = {
			isa = PBXGroup;
			children = (
				136DC8052498CB5C0015821E /* Main.storyboard */,
				136DC80A2498CB5D0015821E /* LaunchScreen.storyboard */,
			);
			path = View;
			sourceTree = "<group>";
		};
		13A994F4249FAE5B00D0F107 /* Model */ = {
			isa = PBXGroup;
			children = (
				13A994F5249FAE7100D0F107 /* Alert.swift */,
			);
			path = Model;
			sourceTree = "<group>";
		};
		CCF874038B952E8D0D3341D2 /* Pods */ = {
			isa = PBXGroup;
			children = (
				4F8D45A3C81E3198B787BE4D /* Pods-ios-auth-github.debug.xcconfig */,
				7C6F2205441A020F354E7ACD /* Pods-ios-auth-github.release.xcconfig */,
			);
			name = Pods;
			path = Pods;
			sourceTree = "<group>";
		};
		CD414337845C03DFEE753C74 /* Frameworks */ = {
			isa = PBXGroup;
			children = (
				3DAF38E6318C8966E761964E /* Pods_ios_auth_github.framework */,
			);
			name = Frameworks;
			sourceTree = "<group>";
		};
/* End PBXGroup section */

/* Begin PBXNativeTarget section */
		136DC7FB2498CB5C0015821E /* ios-auth-github */ = {
			isa = PBXNativeTarget;
			buildConfigurationList = 136DC8102498CB5D0015821E /* Build configuration list for PBXNativeTarget "ios-auth-github" */;
			buildPhases = (
				C07BB281FB1F66330BEB4683 /* [CP] Check Pods Manifest.lock */,
				136DC7F82498CB5C0015821E /* Sources */,
				136DC7F92498CB5C0015821E /* Frameworks */,
				136DC7FA2498CB5C0015821E /* Resources */,
				E51587A8E1FF12A03131ACD8 /* [CP] Embed Pods Frameworks */,
			);
			buildRules = (
			);
			dependencies = (
			);
			name = "ios-auth-github";
			productName = "ios-auth-github";
			productReference = 136DC7FC2498CB5C0015821E /* ios-auth-github.app */;
			productType = "com.apple.product-type.application";
		};
/* End PBXNativeTarget section */

/* Begin PBXProject section */
		136DC7F42498CB5C0015821E /* Project object */ = {
			isa = PBXProject;
			attributes = {
				LastSwiftUpdateCheck = 1150;
				LastUpgradeCheck = 1150;
				ORGANIZATIONNAME = "Zach Bazov";
				TargetAttributes = {
					136DC7FB2498CB5C0015821E = {
						CreatedOnToolsVersion = 11.5;
					};
				};
			};
			buildConfigurationList = 136DC7F72498CB5C0015821E /* Build configuration list for PBXProject "ios-auth-github" */;
			compatibilityVersion = "Xcode 9.3";
			developmentRegion = en;
			hasScannedForEncodings = 0;
			knownRegions = (
				en,
				Base,
			);
			mainGroup = 136DC7F32498CB5C0015821E;
			productRefGroup = 136DC7FD2498CB5C0015821E /* Products */;
			projectDirPath = "";
			projectRoot = "";
			targets = (
				136DC7FB2498CB5C0015821E /* ios-auth-github */,
			);
		};
/* End PBXProject section */

/* Begin PBXResourcesBuildPhase section */
		136DC7FA2498CB5C0015821E /* Resources */ = {
			isa = PBXResourcesBuildPhase;
			buildActionMask = 2147483647;
			files = (
				136DC80C2498CB5D0015821E /* LaunchScreen.storyboard in Resources */,
				136DC8092498CB5D0015821E /* Assets.xcassets in Resources */,
				136DC8072498CB5C0015821E /* Main.storyboard in Resources */,
			);
			runOnlyForDeploymentPostprocessing = 0;
		};
/* End PBXResourcesBuildPhase section */

/* Begin PBXShellScriptBuildPhase section */
		C07BB281FB1F66330BEB4683 /* [CP] Check Pods Manifest.lock */ = {
			isa = PBXShellScriptBuildPhase;
			buildActionMask = 2147483647;
			files = (
			);
			inputFileListPaths = (
			);
			inputPaths = (
				"${PODS_PODFILE_DIR_PATH}/Podfile.lock",
				"${PODS_ROOT}/Manifest.lock",
			);
			name = "[CP] Check Pods Manifest.lock";
			outputFileListPaths = (
			);
			outputPaths = (
				"$(DERIVED_FILE_DIR)/Pods-ios-auth-github-checkManifestLockResult.txt",
			);
			runOnlyForDeploymentPostprocessing = 0;
			shellPath = /bin/sh;
			shellScript = "diff \"${PODS_PODFILE_DIR_PATH}/Podfile.lock\" \"${PODS_ROOT}/Manifest.lock\" > /dev/null\nif [ $? != 0 ] ; then\n    # print error to STDERR\n    echo \"error: The sandbox is not in sync with the Podfile.lock. Run 'pod install' or update your CocoaPods installation.\" >&2\n    exit 1\nfi\n# This output is used by Xcode 'outputs' to avoid re-running this script phase.\necho \"SUCCESS\" > \"${SCRIPT_OUTPUT_FILE_0}\"\n";
			showEnvVarsInLog = 0;
		};
		E51587A8E1FF12A03131ACD8 /* [CP] Embed Pods Frameworks */ = {
			isa = PBXShellScriptBuildPhase;
			buildActionMask = 2147483647;
			files = (
			);
			inputFileListPaths = (
				"${PODS_ROOT}/Target Support Files/Pods-ios-auth-github/Pods-ios-auth-github-frameworks-${CONFIGURATION}-input-files.xcfilelist",
			);
			name = "[CP] Embed Pods Frameworks";
			outputFileListPaths = (
				"${PODS_ROOT}/Target Support Files/Pods-ios-auth-github/Pods-ios-auth-github-frameworks-${CONFIGURATION}-output-files.xcfilelist",
			);
			runOnlyForDeploymentPostprocessing = 0;
			shellPath = /bin/sh;
			shellScript = "\"${PODS_ROOT}/Target Support Files/Pods-ios-auth-github/Pods-ios-auth-github-frameworks.sh\"\n";
			showEnvVarsInLog = 0;
		};
/* End PBXShellScriptBuildPhase section */

/* Begin PBXSourcesBuildPhase section */
		136DC7F82498CB5C0015821E /* Sources */ = {
			isa = PBXSourcesBuildPhase;
			buildActionMask = 2147483647;
			files = (
				136DC8192498CBEF0015821E /* Extension.swift in Sources */,
				136DC8042498CB5C0015821E /* SignViewController.swift in Sources */,
				136DC8002498CB5C0015821E /* AppDelegate.swift in Sources */,
				136DC8172498CBE60015821E /* WorkspaceViewController.swift in Sources */,
				136DC8022498CB5C0015821E /* SceneDelegate.swift in Sources */,
				136DC81B2498CBF60015821E /* Constant.swift in Sources */,
				13A994F6249FAE7100D0F107 /* Alert.swift in Sources */,
			);
			runOnlyForDeploymentPostprocessing = 0;
		};
/* End PBXSourcesBuildPhase section */

/* Begin PBXVariantGroup section */
		136DC8052498CB5C0015821E /* Main.storyboard */ = {
			isa = PBXVariantGroup;
			children = (
				136DC8062498CB5C0015821E /* Base */,
			);
			name = Main.storyboard;
			sourceTree = "<group>";
		};
		136DC80A2498CB5D0015821E /* LaunchScreen.storyboard */ = {
			isa = PBXVariantGroup;
			children = (
				136DC80B2498CB5D0015821E /* Base */,
			);
			name = LaunchScreen.storyboard;
			sourceTree = "<group>";
		};
/* End PBXVariantGroup section */

/* Begin XCBuildConfiguration section */
		136DC80E2498CB5D0015821E /* Debug */ = {
			isa = XCBuildConfiguration;
			buildSettings = {
				ALWAYS_SEARCH_USER_PATHS = NO;
				CLANG_ANALYZER_NONNULL = YES;
				CLANG_ANALYZER_NUMBER_OBJECT_CONVERSION = YES_AGGRESSIVE;
				CLANG_CXX_LANGUAGE_STANDARD = "gnu++14";
				CLANG_CXX_LIBRARY = "libc++";
				CLANG_ENABLE_MODULES = YES;
				CLANG_ENABLE_OBJC_ARC = YES;
				CLANG_ENABLE_OBJC_WEAK = YES;
				CLANG_WARN_BLOCK_CAPTURE_AUTORELEASING = YES;
				CLANG_WARN_BOOL_CONVERSION = YES;
				CLANG_WARN_COMMA = YES;
				CLANG_WARN_CONSTANT_CONVERSION = YES;
				CLANG_WARN_DEPRECATED_OBJC_IMPLEMENTATIONS = YES;
				CLANG_WARN_DIRECT_OBJC_ISA_USAGE = YES_ERROR;
				CLANG_WARN_DOCUMENTATION_COMMENTS = YES;
				CLANG_WARN_EMPTY_BODY = YES;
				CLANG_WARN_ENUM_CONVERSION = YES;
				CLANG_WARN_INFINITE_RECURSION = YES;
				CLANG_WARN_INT_CONVERSION = YES;
				CLANG_WARN_NON_LITERAL_NULL_CONVERSION = YES;
				CLANG_WARN_OBJC_IMPLICIT_RETAIN_SELF = YES;
				CLANG_WARN_OBJC_LITERAL_CONVERSION = YES;
				CLANG_WARN_OBJC_ROOT_CLASS = YES_ERROR;
				CLANG_WARN_RANGE_LOOP_ANALYSIS = YES;
				CLANG_WARN_STRICT_PROTOTYPES = YES;
				CLANG_WARN_SUSPICIOUS_MOVE = YES;
				CLANG_WARN_UNGUARDED_AVAILABILITY = YES_AGGRESSIVE;
				CLANG_WARN_UNREACHABLE_CODE = YES;
				CLANG_WARN__DUPLICATE_METHOD_MATCH = YES;
				COPY_PHASE_STRIP = NO;
				DEBUG_INFORMATION_FORMAT = dwarf;
				ENABLE_STRICT_OBJC_MSGSEND = YES;
				ENABLE_TESTABILITY = YES;
				GCC_C_LANGUAGE_STANDARD = gnu11;
				GCC_DYNAMIC_NO_PIC = NO;
				GCC_NO_COMMON_BLOCKS = YES;
				GCC_OPTIMIZATION_LEVEL = 0;
				GCC_PREPROCESSOR_DEFINITIONS = (
					"DEBUG=1",
					"$(inherited)",
				);
				GCC_WARN_64_TO_32_BIT_CONVERSION = YES;
				GCC_WARN_ABOUT_RETURN_TYPE = YES_ERROR;
				GCC_WARN_UNDECLARED_SELECTOR = YES;
				GCC_WARN_UNINITIALIZED_AUTOS = YES_AGGRESSIVE;
				GCC_WARN_UNUSED_FUNCTION = YES;
				GCC_WARN_UNUSED_VARIABLE = YES;
				IPHONEOS_DEPLOYMENT_TARGET = 13.5;
				MTL_ENABLE_DEBUG_INFO = INCLUDE_SOURCE;
				MTL_FAST_MATH = YES;
				ONLY_ACTIVE_ARCH = YES;
				SDKROOT = iphoneos;
				SWIFT_ACTIVE_COMPILATION_CONDITIONS = DEBUG;
				SWIFT_OPTIMIZATION_LEVEL = "-Onone";
			};
			name = Debug;
		};
		136DC80F2498CB5D0015821E /* Release */ = {
			isa = XCBuildConfiguration;
			buildSettings = {
				ALWAYS_SEARCH_USER_PATHS = NO;
				CLANG_ANALYZER_NONNULL = YES;
				CLANG_ANALYZER_NUMBER_OBJECT_CONVERSION = YES_AGGRESSIVE;
				CLANG_CXX_LANGUAGE_STANDARD = "gnu++14";
				CLANG_CXX_LIBRARY = "libc++";
				CLANG_ENABLE_MODULES = YES;
				CLANG_ENABLE_OBJC_ARC = YES;
				CLANG_ENABLE_OBJC_WEAK = YES;
				CLANG_WARN_BLOCK_CAPTURE_AUTORELEASING = YES;
				CLANG_WARN_BOOL_CONVERSION = YES;
				CLANG_WARN_COMMA = YES;
				CLANG_WARN_CONSTANT_CONVERSION = YES;
				CLANG_WARN_DEPRECATED_OBJC_IMPLEMENTATIONS = YES;
				CLANG_WARN_DIRECT_OBJC_ISA_USAGE = YES_ERROR;
				CLANG_WARN_DOCUMENTATION_COMMENTS = YES;
				CLANG_WARN_EMPTY_BODY = YES;
				CLANG_WARN_ENUM_CONVERSION = YES;
				CLANG_WARN_INFINITE_RECURSION = YES;
				CLANG_WARN_INT_CONVERSION = YES;
				CLANG_WARN_NON_LITERAL_NULL_CONVERSION = YES;
				CLANG_WARN_OBJC_IMPLICIT_RETAIN_SELF = YES;
				CLANG_WARN_OBJC_LITERAL_CONVERSION = YES;
				CLANG_WARN_OBJC_ROOT_CLASS = YES_ERROR;
				CLANG_WARN_RANGE_LOOP_ANALYSIS = YES;
				CLANG_WARN_STRICT_PROTOTYPES = YES;
				CLANG_WARN_SUSPICIOUS_MOVE = YES;
				CLANG_WARN_UNGUARDED_AVAILABILITY = YES_AGGRESSIVE;
				CLANG_WARN_UNREACHABLE_CODE = YES;
				CLANG_WARN__DUPLICATE_METHOD_MATCH = YES;
				COPY_PHASE_STRIP = NO;
				DEBUG_INFORMATION_FORMAT = "dwarf-with-dsym";
				ENABLE_NS_ASSERTIONS = NO;
				ENABLE_STRICT_OBJC_MSGSEND = YES;
				GCC_C_LANGUAGE_STANDARD = gnu11;
				GCC_NO_COMMON_BLOCKS = YES;
				GCC_WARN_64_TO_32_BIT_CONVERSION = YES;
				GCC_WARN_ABOUT_RETURN_TYPE = YES_ERROR;
				GCC_WARN_UNDECLARED_SELECTOR = YES;
				GCC_WARN_UNINITIALIZED_AUTOS = YES_AGGRESSIVE;
				GCC_WARN_UNUSED_FUNCTION = YES;
				GCC_WARN_UNUSED_VARIABLE = YES;
				IPHONEOS_DEPLOYMENT_TARGET = 13.5;
				MTL_ENABLE_DEBUG_INFO = NO;
				MTL_FAST_MATH = YES;
				SDKROOT = iphoneos;
				SWIFT_COMPILATION_MODE = wholemodule;
				SWIFT_OPTIMIZATION_LEVEL = "-O";
				VALIDATE_PRODUCT = YES;
			};
			name = Release;
		};
		136DC8112498CB5D0015821E /* Debug */ = {
			isa = XCBuildConfiguration;
			baseConfigurationReference = 4F8D45A3C81E3198B787BE4D /* Pods-ios-auth-github.debug.xcconfig */;
			buildSettings = {
				ASSETCATALOG_COMPILER_APPICON_NAME = AppIcon;
				CODE_SIGN_STYLE = Automatic;
				DEVELOPMENT_TEAM = 4T832Q6S4F;
				INFOPLIST_FILE = "$(SRCROOT)/ios-auth-github/Support/Info.plist";
				LD_RUNPATH_SEARCH_PATHS = (
					"$(inherited)",
					"@executable_path/Frameworks",
				);
				PRODUCT_BUNDLE_IDENTIFIER = "com.ios-auth-github";
				PRODUCT_NAME = "$(TARGET_NAME)";
				SWIFT_VERSION = 5.0;
				TARGETED_DEVICE_FAMILY = "1,2";
			};
			name = Debug;
		};
		136DC8122498CB5D0015821E /* Release */ = {
			isa = XCBuildConfiguration;
			baseConfigurationReference = 7C6F2205441A020F354E7ACD /* Pods-ios-auth-github.release.xcconfig */;
			buildSettings = {
				ASSETCATALOG_COMPILER_APPICON_NAME = AppIcon;
				CODE_SIGN_STYLE = Automatic;
				DEVELOPMENT_TEAM = 4T832Q6S4F;
				INFOPLIST_FILE = "$(SRCROOT)/ios-auth-github/Support/Info.plist";
				LD_RUNPATH_SEARCH_PATHS = (
					"$(inherited)",
					"@executable_path/Frameworks",
				);
				PRODUCT_BUNDLE_IDENTIFIER = "com.ios-auth-github";
				PRODUCT_NAME = "$(TARGET_NAME)";
				SWIFT_VERSION = 5.0;
				TARGETED_DEVICE_FAMILY = "1,2";
			};
			name = Release;
		};
/* End XCBuildConfiguration section */

/* Begin XCConfigurationList section */
		136DC7F72498CB5C0015821E /* Build configuration list for PBXProject "ios-auth-github" */ = {
			isa = XCConfigurationList;
			buildConfigurations = (
				136DC80E2498CB5D0015821E /* Debug */,
				136DC80F2498CB5D0015821E /* Release */,
			);
			defaultConfigurationIsVisible = 0;
			defaultConfigurationName = Release;
		};
		136DC8102498CB5D0015821E /* Build configuration list for PBXNativeTarget "ios-auth-github" */ = {
			isa = XCConfigurationList;
			buildConfigurations = (
				136DC8112498CB5D0015821E /* Debug */,
				136DC8122498CB5D0015821E /* Release */,
			);
			defaultConfigurationIsVisible = 0;
			defaultConfigurationName = Release;
		};
/* End XCConfigurationList section */
	};
	rootObject = 136DC7F42498CB5C0015821E /* Project object */;
}
